
Microsoft Visual Studio Solution File, Format Version 12.00
# Visual Studio Version 17
VisualStudioVersion = 17.3.32929.385
MinimumVisualStudioVersion = 10.0.40219.1
Project("{FAE04EC0-301F-11D3-BF4B-00C04F79EFBC}") = "PROG8051 Week 7 Lec 1 Sec 2", "PROG8051 Week 7 Lec 1 Sec 2\PROG8051 Week 7 Lec 1 Sec 2.csproj", "{616869B9-281F-401C-A5C4-41E335E2C172}"
EndProject
Global
	GlobalSection(SolutionConfigurationPlatforms) = preSolution
		Debug|Any CPU = Debug|Any CPU
		Release|Any CPU = Release|Any CPU
	EndGlobalSection
	GlobalSection(ProjectConfigurationPlatforms) = postSolution
		{616869B9-281F-401C-A5C4-41E335E2C172}.Debug|Any CPU.ActiveCfg = Debug|Any CPU
		{616869B9-281F-401C-A5C4-41E335E2C172}.Debug|Any CPU.Build.0 = Debug|Any CPU
		{616869B9-281F-401C-A5C4-41E335E2C172}.Release|Any CPU.ActiveCfg = Release|Any CPU
		{616869B9-281F-401C-A5C4-41E335E2C172}.Release|Any CPU.Build.0 = Release|Any CPU
	EndGlobalSection
	GlobalSection(SolutionProperties) = preSolution
		HideSolutionNode = FALSE
	EndGlobalSection
	GlobalSection(ExtensibilityGlobals) = postSolution
		SolutionGuid = {ED5490C0-59CD-4018-9832-F74D68B31C27}
	EndGlobalSection
EndGlobal
